
Microsoft Visual Studio Solution File, Format Version 12.00
# Visual Studio Version 17
VisualStudioVersion = 17.10.35013.160
MinimumVisualStudioVersion = 10.0.40219.1
Project("{FAE04EC0-301F-11D3-BF4B-00C04F79EFBC}") = "UserTask", "UserTask\UserTask.csproj", "{922B17DE-4E1E-47EC-AE0F-EA1D16F539C9}"
EndProject
Global
	GlobalSection(SolutionConfigurationPlatforms) = preSolution
		Debug|Any CPU = Debug|Any CPU
		Release|Any CPU = Release|Any CPU
	EndGlobalSection
	GlobalSection(ProjectConfigurationPlatforms) = postSolution
		{922B17DE-4E1E-47EC-AE0F-EA1D16F539C9}.Debug|Any CPU.ActiveCfg = Debug|Any CPU
		{922B17DE-4E1E-47EC-AE0F-EA1D16F539C9}.Debug|Any CPU.Build.0 = Debug|Any CPU
		{922B17DE-4E1E-47EC-AE0F-EA1D16F539C9}.Release|Any CPU.ActiveCfg = Release|Any CPU
		{922B17DE-4E1E-47EC-AE0F-EA1D16F539C9}.Release|Any CPU.Build.0 = Release|Any CPU
	EndGlobalSection
	GlobalSection(SolutionProperties) = preSolution
		HideSolutionNode = FALSE
	EndGlobalSection
	GlobalSection(ExtensibilityGlobals) = postSolution
		SolutionGuid = {3980DB55-08C9-42B3-B4CC-16C3333244E4}
	EndGlobalSection
EndGlobal
